
Microsoft Visual Studio Solution File, Format Version 12.00
# Visual Studio Version 17
VisualStudioVersion = 17.3.32929.385
MinimumVisualStudioVersion = 10.0.40219.1
Project("{FAE04EC0-301F-11D3-BF4B-00C04F79EFBC}") = "BlazorTinyTimer", "BlazorTinyTimer\BlazorTinyTimer.csproj", "{3F024283-71BB-4210-A6BB-83129E6C6C6B}"
EndProject
Global
	GlobalSection(SolutionConfigurationPlatforms) = preSolution
		Debug|Any CPU = Debug|Any CPU
		Release|Any CPU = Release|Any CPU
	EndGlobalSection
	GlobalSection(ProjectConfigurationPlatforms) = postSolution
		{3F024283-71BB-4210-A6BB-83129E6C6C6B}.Debug|Any CPU.ActiveCfg = Debug|Any CPU
		{3F024283-71BB-4210-A6BB-83129E6C6C6B}.Debug|Any CPU.Build.0 = Debug|Any CPU
		{3F024283-71BB-4210-A6BB-83129E6C6C6B}.Release|Any CPU.ActiveCfg = Release|Any CPU
		{3F024283-71BB-4210-A6BB-83129E6C6C6B}.Release|Any CPU.Build.0 = Release|Any CPU
	EndGlobalSection
	GlobalSection(SolutionProperties) = preSolution
		HideSolutionNode = FALSE
	EndGlobalSection
	GlobalSection(ExtensibilityGlobals) = postSolution
		SolutionGuid = {60BFFBFC-E017-4F21-9B0E-C970C6C56A14}
	EndGlobalSection
EndGlobal
